
Microsoft Visual Studio Solution File, Format Version 12.00
# Visual Studio Version 16
VisualStudioVersion = 16.0.30517.126
MinimumVisualStudioVersion = 10.0.40219.1
Project("{FAE04EC0-301F-11D3-BF4B-00C04F79EFBC}") = "БИПиТ8", "БИПиТ8\БИПиТ8.csproj", "{938FC906-EC52-4095-A19A-1C2D77310F33}"
EndProject
Global
	GlobalSection(SolutionConfigurationPlatforms) = preSolution
		Debug|Any CPU = Debug|Any CPU
		Release|Any CPU = Release|Any CPU
	EndGlobalSection
	GlobalSection(ProjectConfigurationPlatforms) = postSolution
		{938FC906-EC52-4095-A19A-1C2D77310F33}.Debug|Any CPU.ActiveCfg = Debug|Any CPU
		{938FC906-EC52-4095-A19A-1C2D77310F33}.Debug|Any CPU.Build.0 = Debug|Any CPU
		{938FC906-EC52-4095-A19A-1C2D77310F33}.Release|Any CPU.ActiveCfg = Release|Any CPU
		{938FC906-EC52-4095-A19A-1C2D77310F33}.Release|Any CPU.Build.0 = Release|Any CPU
	EndGlobalSection
	GlobalSection(SolutionProperties) = preSolution
		HideSolutionNode = FALSE
	EndGlobalSection
	GlobalSection(ExtensibilityGlobals) = postSolution
		SolutionGuid = {1550D5D3-1872-4FF6-9168-2D333967222B}
	EndGlobalSection
EndGlobal
